PODS:
  - Capacitor (8.4.1):
    - CapacitorCordova
  - CapacitorApp (8.1.0):
    - Capacitor
  - CapacitorBrowser (8.0.3):
    - Capacitor
  - CapacitorCamera (8.2.0):
    - Capacitor
    - IONCameraLib (~> 1.0.4)
  - CapacitorCommunityAppleSignIn (7.1.0):
    - Capacitor
  - CapacitorCordova (8.4.1)
  - CapacitorFilesystem (8.1.2):
    - Capacitor
    - IONFilesystemLib (~> 1.1.1)
  - CapacitorLocalNotifications (8.2.0):
    - Capacitor
  - CapacitorPushNotifications (8.1.1):
    - Capacitor
  - CapacitorShare (8.0.1):
    - Capacitor
  - IONCameraLib (1.0.4)
  - IONFilesystemLib (1.1.2)

DEPENDENCIES:
  - "Capacitor (from `../../node_modules/@capacitor/ios`)"
  - "CapacitorApp (from `../../node_modules/@capacitor/app`)"
  - "CapacitorBrowser (from `../../node_modules/@capacitor/browser`)"
  - "CapacitorCamera (from `../../node_modules/@capacitor/camera`)"
  - "CapacitorCommunityAppleSignIn (from `../../node_modules/@capacitor-community/apple-sign-in`)"
  - "CapacitorCordova (from `../../node_modules/@capacitor/ios`)"
  - "CapacitorFilesystem (from `../../node_modules/@capacitor/filesystem`)"
  - "CapacitorLocalNotifications (from `../../node_modules/@capacitor/local-notifications`)"
  - "CapacitorPushNotifications (from `../../node_modules/@capacitor/push-notifications`)"
  - "CapacitorShare (from `../../node_modules/@capacitor/share`)"

SPEC REPOS:
  trunk:
    - IONCameraLib
    - IONFilesystemLib

EXTERNAL SOURCES:
  Capacitor:
    :path: "../../node_modules/@capacitor/ios"
  CapacitorApp:
    :path: "../../node_modules/@capacitor/app"
  CapacitorBrowser:
    :path: "../../node_modules/@capacitor/browser"
  CapacitorCamera:
    :path: "../../node_modules/@capacitor/camera"
  CapacitorCommunityAppleSignIn:
    :path: "../../node_modules/@capacitor-community/apple-sign-in"
  CapacitorCordova:
    :path: "../../node_modules/@capacitor/ios"
  CapacitorFilesystem:
    :path: "../../node_modules/@capacitor/filesystem"
  CapacitorLocalNotifications:
    :path: "../../node_modules/@capacitor/local-notifications"
  CapacitorPushNotifications:
    :path: "../../node_modules/@capacitor/push-notifications"
  CapacitorShare:
    :path: "../../node_modules/@capacitor/share"

SPEC CHECKSUMS:
  Capacitor: 35242afe195b1e53c58ca1b827d1b444c5e6602b
  CapacitorApp: 449ffe26375e96f8aaaee625ac6e01e5c57c8650
  CapacitorBrowser: c987c73d09d8bd3b5ec13f06338b1e14d5d2be69
  CapacitorCamera: 8f6acf83664118321111e76acef86390211ccb08
  CapacitorCommunityAppleSignIn: 271cb2860576fd2961508bbfa7a82117d93eadca
  CapacitorCordova: eebe6bcf807b1b06f3f48237650f96bbcd0eef09
  CapacitorFilesystem: 2db285a1ac6e475cc27cae2e1bea999000f9e2be
  CapacitorLocalNotifications: 2615aa008f608b95d3921a778ee1988abf1e6148
  CapacitorPushNotifications: ec08d589c226a2c0db7c032ec1bf5b044ec85f8e
  CapacitorShare: 0c58305114538568059bfc07111f22dcb9cb2a82
  IONCameraLib: f2349804460bd9e3f892e42109b8d996ab3fa19d
  IONFilesystemLib: 21a63377696b2d8fab5632ecfb7d2ac67bddb68a

PODFILE CHECKSUM: e39a93236b3535e460b609e6754adbbaec45d28e

COCOAPODS: 1.16.2
